// !$*UTF8*$!
{
	archiveVersion = 1;
	classes = {
	};
	objectVersion = 56;
	objects = {

/* Begin PBXBuildFile section */
		81A0D0242C877BDF00749635 /* AppDelegate.swift in Sources */ = {isa = PBXBuildFile; fileRef = 81A0D0232C877BDF00749635 /* AppDelegate.swift */; };
		81A0D0262C877BDF00749635 /* SceneDelegate.swift in Sources */ = {isa = PBXBuildFile; fileRef = 81A0D0252C877BDF00749635 /* SceneDelegate.swift */; };
		81A0D0282C877BDF00749635 /* TabBarController.swift in Sources */ = {isa = PBXBuildFile; fileRef = 81A0D0272C877BDF00749635 /* TabBarController.swift */; };
		81A0D02D2C877BE100749635 /* Assets.xcassets in Resources */ = {isa = PBXBuildFile; fileRef = 81A0D02C2C877BE100749635 /* Assets.xcassets */; };
		81A0D0302C877BE100749635 /* Base in Resources */ = {isa = PBXBuildFile; fileRef = 81A0D02F2C877BE100749635 /* Base */; };
		81A0D03A2C877D7400749635 /* UsersListVC.swift in Sources */ = {isa = PBXBuildFile; fileRef = 81A0D0392C877D7400749635 /* UsersListVC.swift */; };
		81A0D03C2C877DB600749635 /* SearchVC.swift in Sources */ = {isa = PBXBuildFile; fileRef = 81A0D03B2C877DB600749635 /* SearchVC.swift */; };
		81A0D0402C8780BF00749635 /* User.swift in Sources */ = {isa = PBXBuildFile; fileRef = 81A0D03F2C8780BF00749635 /* User.swift */; };
		81A0D0422C87813200749635 /* Adress.swift in Sources */ = {isa = PBXBuildFile; fileRef = 81A0D0412C87813200749635 /* Adress.swift */; };
		81A0D0442C87813C00749635 /* Geo.swift in Sources */ = {isa = PBXBuildFile; fileRef = 81A0D0432C87813C00749635 /* Geo.swift */; };
		81A0D0472C87815B00749635 /* Company.swift in Sources */ = {isa = PBXBuildFile; fileRef = 81A0D0462C87815B00749635 /* Company.swift */; };
		81A0D04D2C8782FD00749635 /* Service.swift in Sources */ = {isa = PBXBuildFile; fileRef = 81A0D04C2C8782FD00749635 /* Service.swift */; };
		81A0D04F2C87830800749635 /* Request.swift in Sources */ = {isa = PBXBuildFile; fileRef = 81A0D04E2C87830800749635 /* Request.swift */; };
		81A0D0512C87831100749635 /* PhEndPoint.swift in Sources */ = {isa = PBXBuildFile; fileRef = 81A0D0502C87831100749635 /* PhEndPoint.swift */; };
		81A0D0552C8788BD00749635 /* UserViewModel.swift in Sources */ = {isa = PBXBuildFile; fileRef = 81A0D0542C8788BD00749635 /* UserViewModel.swift */; };
		81A0D0572C883A7100749635 /* UserCell.swift in Sources */ = {isa = PBXBuildFile; fileRef = 81A0D0562C883A7100749635 /* UserCell.swift */; };
		81A0D0592C883B1700749635 /* UserListViewModel.swift in Sources */ = {isa = PBXBuildFile; fileRef = 81A0D0582C883B1700749635 /* UserListViewModel.swift */; };
		81A0D05B2C888F4700749635 /* UserDetailViewModel.swift in Sources */ = {isa = PBXBuildFile; fileRef = 81A0D05A2C888F4700749635 /* UserDetailViewModel.swift */; };
		81A0D05D2C888FD700749635 /* UserDetailView.swift in Sources */ = {isa = PBXBuildFile; fileRef = 81A0D05C2C888FD700749635 /* UserDetailView.swift */; };
		81A0D05F2C88900400749635 /* UserDetailVC.swift in Sources */ = {isa = PBXBuildFile; fileRef = 81A0D05E2C88900400749635 /* UserDetailVC.swift */; };
/* End PBXBuildFile section */

/* Begin PBXFileReference section */
		81A0D0202C877BDF00749635 /* JsonPlaceholderAPI.app */ = {isa = PBXFileReference; explicitFileType = wrapper.application; includeInIndex = 0; path = JsonPlaceholderAPI.app; sourceTree = BUILT_PRODUCTS_DIR; };
		81A0D0232C877BDF00749635 /* AppDelegate.swift */ = {isa = PBXFileReference; lastKnownFileType = sourcecode.swift; path = AppDelegate.swift; sourceTree = "<group>"; };
		81A0D0252C877BDF00749635 /* SceneDelegate.swift */ = {isa = PBXFileReference; lastKnownFileType = sourcecode.swift; path = SceneDelegate.swift; sourceTree = "<group>"; };
		81A0D0272C877BDF00749635 /* TabBarController.swift */ = {isa = PBXFileReference; lastKnownFileType = sourcecode.swift; path = TabBarController.swift; sourceTree = "<group>"; };
		81A0D02C2C877BE100749635 /* Assets.xcassets */ = {isa = PBXFileReference; lastKnownFileType = folder.assetcatalog; path = Assets.xcassets; sourceTree = "<group>"; };
		81A0D02F2C877BE100749635 /* Base */ = {isa = PBXFileReference; lastKnownFileType = file.storyboard; name = Base; path = Base.lproj/LaunchScreen.storyboard; sourceTree = "<group>"; };
		81A0D0312C877BE100749635 /* Info.plist */ = {isa = PBXFileReference; lastKnownFileType = text.plist.xml; path = Info.plist; sourceTree = "<group>"; };
		81A0D0392C877D7400749635 /* UsersListVC.swift */ = {isa = PBXFileReference; lastKnownFileType = sourcecode.swift; path = UsersListVC.swift; sourceTree = "<group>"; };
		81A0D03B2C877DB600749635 /* SearchVC.swift */ = {isa = PBXFileReference; lastKnownFileType = sourcecode.swift; path = SearchVC.swift; sourceTree = "<group>"; };
		81A0D03F2C8780BF00749635 /* User.swift */ = {isa = PBXFileReference; lastKnownFileType = sourcecode.swift; path = User.swift; sourceTree = "<group>"; };
		81A0D0412C87813200749635 /* Adress.swift */ = {isa = PBXFileReference; lastKnownFileType = sourcecode.swift; path = Adress.swift; sourceTree = "<group>"; };
		81A0D0432C87813C00749635 /* Geo.swift */ = {isa = PBXFileReference; lastKnownFileType = sourcecode.swift; path = Geo.swift; sourceTree = "<group>"; };
		81A0D0462C87815B00749635 /* Company.swift */ = {isa = PBXFileReference; lastKnownFileType = sourcecode.swift; path = Company.swift; sourceTree = "<group>"; };
		81A0D04C2C8782FD00749635 /* Service.swift */ = {isa = PBXFileReference; lastKnownFileType = sourcecode.swift; path = Service.swift; sourceTree = "<group>"; };
		81A0D04E2C87830800749635 /* Request.swift */ = {isa = PBXFileReference; lastKnownFileType = sourcecode.swift; path = Request.swift; sourceTree = "<group>"; };
		81A0D0502C87831100749635 /* PhEndPoint.swift */ = {isa = PBXFileReference; lastKnownFileType = sourcecode.swift; path = PhEndPoint.swift; sourceTree = "<group>"; };
		81A0D0542C8788BD00749635 /* UserViewModel.swift */ = {isa = PBXFileReference; lastKnownFileType = sourcecode.swift; path = UserViewModel.swift; sourceTree = "<group>"; };
		81A0D0562C883A7100749635 /* UserCell.swift */ = {isa = PBXFileReference; lastKnownFileType = sourcecode.swift; path = UserCell.swift; sourceTree = "<group>"; };
		81A0D0582C883B1700749635 /* UserListViewModel.swift */ = {isa = PBXFileReference; lastKnownFileType = sourcecode.swift; path = UserListViewModel.swift; sourceTree = "<group>"; };
		81A0D05A2C888F4700749635 /* UserDetailViewModel.swift */ = {isa = PBXFileReference; lastKnownFileType = sourcecode.swift; path = UserDetailViewModel.swift; sourceTree = "<group>"; };
		81A0D05C2C888FD700749635 /* UserDetailView.swift */ = {isa = PBXFileReference; lastKnownFileType = sourcecode.swift; path = UserDetailView.swift; sourceTree = "<group>"; };
		81A0D05E2C88900400749635 /* UserDetailVC.swift */ = {isa = PBXFileReference; lastKnownFileType = sourcecode.swift; path = UserDetailVC.swift; sourceTree = "<group>"; };
/* End PBXFileReference section */

/* Begin PBXFrameworksBuildPhase section */
		81A0D01D2C877BDF00749635 /* Frameworks */ = {
			isa = PBXFrameworksBuildPhase;
			buildActionMask = 2147483647;
			files = (
			);
			runOnlyForDeploymentPostprocessing = 0;
		};
/* End PBXFrameworksBuildPhase section */

/* Begin PBXGroup section */
		81A0D0172C877BDF00749635 = {
			isa = PBXGroup;
			children = (
				81A0D0222C877BDF00749635 /* JsonPlaceholderAPI */,
				81A0D0212C877BDF00749635 /* Products */,
			);
			sourceTree = "<group>";
		};
		81A0D0212C877BDF00749635 /* Products */ = {
			isa = PBXGroup;
			children = (
				81A0D0202C877BDF00749635 /* JsonPlaceholderAPI.app */,
			);
			name = Products;
			sourceTree = "<group>";
		};
		81A0D0222C877BDF00749635 /* JsonPlaceholderAPI */ = {
			isa = PBXGroup;
			children = (
				81A0D04B2C8782F500749635 /* API */,
				81A0D04A2C8782A200749635 /* View */,
				81A0D0492C87829800749635 /* ViewModel */,
				81A0D03D2C87809900749635 /* Model */,
				81A0D0382C877CB400749635 /* Supporter */,
				81A0D0372C877C9400749635 /* Controller */,
				81A0D0312C877BE100749635 /* Info.plist */,
			);
			path = JsonPlaceholderAPI;
			sourceTree = "<group>";
		};
		81A0D0372C877C9400749635 /* Controller */ = {
			isa = PBXGroup;
			children = (
				81A0D0272C877BDF00749635 /* TabBarController.swift */,
				81A0D0392C877D7400749635 /* UsersListVC.swift */,
				81A0D03B2C877DB600749635 /* SearchVC.swift */,
				81A0D05E2C88900400749635 /* UserDetailVC.swift */,
			);
			path = Controller;
			sourceTree = "<group>";
		};
		81A0D0382C877CB400749635 /* Supporter */ = {
			isa = PBXGroup;
			children = (
				81A0D0232C877BDF00749635 /* AppDelegate.swift */,
				81A0D0252C877BDF00749635 /* SceneDelegate.swift */,
				81A0D02C2C877BE100749635 /* Assets.xcassets */,
				81A0D02E2C877BE100749635 /* LaunchScreen.storyboard */,
			);
			path = Supporter;
			sourceTree = "<group>";
		};
		81A0D03D2C87809900749635 /* Model */ = {
			isa = PBXGroup;
			children = (
				81A0D03E2C8780A500749635 /* DataTypes */,
			);
			path = Model;
			sourceTree = "<group>";
		};
		81A0D03E2C8780A500749635 /* DataTypes */ = {
			isa = PBXGroup;
			children = (
				81A0D0482C87820F00749635 /* UserDetails */,
			);
			path = DataTypes;
			sourceTree = "<group>";
		};
		81A0D0482C87820F00749635 /* UserDetails */ = {
			isa = PBXGroup;
			children = (
				81A0D03F2C8780BF00749635 /* User.swift */,
				81A0D0412C87813200749635 /* Adress.swift */,
				81A0D0432C87813C00749635 /* Geo.swift */,
				81A0D0462C87815B00749635 /* Company.swift */,
			);
			path = UserDetails;
			sourceTree = "<group>";
		};
		81A0D0492C87829800749635 /* ViewModel */ = {
			isa = PBXGroup;
			children = (
				81A0D0542C8788BD00749635 /* UserViewModel.swift */,
				81A0D0582C883B1700749635 /* UserListViewModel.swift */,
				81A0D05A2C888F4700749635 /* UserDetailViewModel.swift */,
			);
			path = ViewModel;
			sourceTree = "<group>";
		};
		81A0D04A2C8782A200749635 /* View */ = {
			isa = PBXGroup;
			children = (
				81A0D0562C883A7100749635 /* UserCell.swift */,
				81A0D05C2C888FD700749635 /* UserDetailView.swift */,
			);
			path = View;
			sourceTree = "<group>";
		};
		81A0D04B2C8782F500749635 /* API */ = {
			isa = PBXGroup;
			children = (
				81A0D04C2C8782FD00749635 /* Service.swift */,
				81A0D04E2C87830800749635 /* Request.swift */,
				81A0D0502C87831100749635 /* PhEndPoint.swift */,
			);
			path = API;
			sourceTree = "<group>";
		};
/* End PBXGroup section */

/* Begin PBXNativeTarget section */
		81A0D01F2C877BDF00749635 /* JsonPlaceholderAPI */ = {
			isa = PBXNativeTarget;
			buildConfigurationList = 81A0D0342C877BE100749635 /* Build configuration list for PBXNativeTarget "JsonPlaceholderAPI" */;
			buildPhases = (
				81A0D01C2C877BDF00749635 /* Sources */,
				81A0D01D2C877BDF00749635 /* Frameworks */,
				81A0D01E2C877BDF00749635 /* Resources */,
			);
			buildRules = (
			);
			dependencies = (
			);
			name = JsonPlaceholderAPI;
			productName = JsonPlaceholderAPI;
			productReference = 81A0D0202C877BDF00749635 /* JsonPlaceholderAPI.app */;
			productType = "com.apple.product-type.application";
		};
/* End PBXNativeTarget section */

/* Begin PBXProject section */
		81A0D0182C877BDF00749635 /* Project object */ = {
			isa = PBXProject;
			attributes = {
				BuildIndependentTargetsInParallel = 1;
				LastSwiftUpdateCheck = 1540;
				LastUpgradeCheck = 1540;
				TargetAttributes = {
					81A0D01F2C877BDF00749635 = {
						CreatedOnToolsVersion = 15.4;
					};
				};
			};
			buildConfigurationList = 81A0D01B2C877BDF00749635 /* Build configuration list for PBXProject "JsonPlaceholderAPI" */;
			compatibilityVersion = "Xcode 14.0";
			developmentRegion = en;
			hasScannedForEncodings = 0;
			knownRegions = (
				en,
				Base,
			);
			mainGroup = 81A0D0172C877BDF00749635;
			productRefGroup = 81A0D0212C877BDF00749635 /* Products */;
			projectDirPath = "";
			projectRoot = "";
			targets = (
				81A0D01F2C877BDF00749635 /* JsonPlaceholderAPI */,
			);
		};
/* End PBXProject section */

/* Begin PBXResourcesBuildPhase section */
		81A0D01E2C877BDF00749635 /* Resources */ = {
			isa = PBXResourcesBuildPhase;
			buildActionMask = 2147483647;
			files = (
				81A0D02D2C877BE100749635 /* Assets.xcassets in Resources */,
				81A0D0302C877BE100749635 /* Base in Resources */,
			);
			runOnlyForDeploymentPostprocessing = 0;
		};
/* End PBXResourcesBuildPhase section */

/* Begin PBXSourcesBuildPhase section */
		81A0D01C2C877BDF00749635 /* Sources */ = {
			isa = PBXSourcesBuildPhase;
			buildActionMask = 2147483647;
			files = (
				81A0D0282C877BDF00749635 /* TabBarController.swift in Sources */,
				81A0D03C2C877DB600749635 /* SearchVC.swift in Sources */,
				81A0D05B2C888F4700749635 /* UserDetailViewModel.swift in Sources */,
				81A0D0552C8788BD00749635 /* UserViewModel.swift in Sources */,
				81A0D05F2C88900400749635 /* UserDetailVC.swift in Sources */,
				81A0D0472C87815B00749635 /* Company.swift in Sources */,
				81A0D0592C883B1700749635 /* UserListViewModel.swift in Sources */,
				81A0D0242C877BDF00749635 /* AppDelegate.swift in Sources */,
				81A0D04F2C87830800749635 /* Request.swift in Sources */,
				81A0D0572C883A7100749635 /* UserCell.swift in Sources */,
				81A0D05D2C888FD700749635 /* UserDetailView.swift in Sources */,
				81A0D0422C87813200749635 /* Adress.swift in Sources */,
				81A0D0512C87831100749635 /* PhEndPoint.swift in Sources */,
				81A0D0262C877BDF00749635 /* SceneDelegate.swift in Sources */,
				81A0D0442C87813C00749635 /* Geo.swift in Sources */,
				81A0D04D2C8782FD00749635 /* Service.swift in Sources */,
				81A0D0402C8780BF00749635 /* User.swift in Sources */,
				81A0D03A2C877D7400749635 /* UsersListVC.swift in Sources */,
			);
			runOnlyForDeploymentPostprocessing = 0;
		};
/* End PBXSourcesBuildPhase section */

/* Begin PBXVariantGroup section */
		81A0D02E2C877BE100749635 /* LaunchScreen.storyboard */ = {
			isa = PBXVariantGroup;
			children = (
				81A0D02F2C877BE100749635 /* Base */,
			);
			name = LaunchScreen.storyboard;
			sourceTree = "<group>";
		};
/* End PBXVariantGroup section */

/* Begin XCBuildConfiguration section */
		81A0D0322C877BE100749635 /* Debug */ = {
			isa = XCBuildConfiguration;
			buildSettings = {
				ALWAYS_SEARCH_USER_PATHS = NO;
				ASSETCATALOG_COMPILER_GENERATE_SWIFT_ASSET_SYMBOL_EXTENSIONS = YES;
				CLANG_ANALYZER_NONNULL = YES;
				CLANG_ANALYZER_NUMBER_OBJECT_CONVERSION = YES_AGGRESSIVE;
				CLANG_CXX_LANGUAGE_STANDARD = "gnu++20";
				CLANG_ENABLE_MODULES = YES;
				CLANG_ENABLE_OBJC_ARC = YES;
				CLANG_ENABLE_OBJC_WEAK = YES;
				CLANG_WARN_BLOCK_CAPTURE_AUTORELEASING = YES;
				CLANG_WARN_BOOL_CONVERSION = YES;
				CLANG_WARN_COMMA = YES;
				CLANG_WARN_CONSTANT_CONVERSION = YES;
				CLANG_WARN_DEPRECATED_OBJC_IMPLEMENTATIONS = YES;
				CLANG_WARN_DIRECT_OBJC_ISA_USAGE = YES_ERROR;
				CLANG_WARN_DOCUMENTATION_COMMENTS = YES;
				CLANG_WARN_EMPTY_BODY = YES;
				CLANG_WARN_ENUM_CONVERSION = YES;
				CLANG_WARN_INFINITE_RECURSION = YES;
				CLANG_WARN_INT_CONVERSION = YES;
				CLANG_WARN_NON_LITERAL_NULL_CONVERSION = YES;
				CLANG_WARN_OBJC_IMPLICIT_RETAIN_SELF = YES;
				CLANG_WARN_OBJC_LITERAL_CONVERSION = YES;
				CLANG_WARN_OBJC_ROOT_CLASS = YES_ERROR;
				CLANG_WARN_QUOTED_INCLUDE_IN_FRAMEWORK_HEADER = YES;
				CLANG_WARN_RANGE_LOOP_ANALYSIS = YES;
				CLANG_WARN_STRICT_PROTOTYPES = YES;
				CLANG_WARN_SUSPICIOUS_MOVE = YES;
				CLANG_WARN_UNGUARDED_AVAILABILITY = YES_AGGRESSIVE;
				CLANG_WARN_UNREACHABLE_CODE = YES;
				CLANG_WARN__DUPLICATE_METHOD_MATCH = YES;
				COPY_PHASE_STRIP = NO;
				DEBUG_INFORMATION_FORMAT = dwarf;
				ENABLE_STRICT_OBJC_MSGSEND = YES;
				ENABLE_TESTABILITY = YES;
				ENABLE_USER_SCRIPT_SANDBOXING = YES;
				GCC_C_LANGUAGE_STANDARD = gnu17;
				GCC_DYNAMIC_NO_PIC = NO;
				GCC_NO_COMMON_BLOCKS = YES;
				GCC_OPTIMIZATION_LEVEL = 0;
				GCC_PREPROCESSOR_DEFINITIONS = (
					"DEBUG=1",
					"$(inherited)",
				);
				GCC_WARN_64_TO_32_BIT_CONVERSION = YES;
				GCC_WARN_ABOUT_RETURN_TYPE = YES_ERROR;
				GCC_WARN_UNDECLARED_SELECTOR = YES;
				GCC_WARN_UNINITIALIZED_AUTOS = YES_AGGRESSIVE;
				GCC_WARN_UNUSED_FUNCTION = YES;
				GCC_WARN_UNUSED_VARIABLE = YES;
				IPHONEOS_DEPLOYMENT_TARGET = 17.5;
				LOCALIZATION_PREFERS_STRING_CATALOGS = YES;
				MTL_ENABLE_DEBUG_INFO = INCLUDE_SOURCE;
				MTL_FAST_MATH = YES;
				ONLY_ACTIVE_ARCH = YES;
				SDKROOT = iphoneos;
				SWIFT_ACTIVE_COMPILATION_CONDITIONS = "DEBUG $(inherited)";
				SWIFT_OPTIMIZATION_LEVEL = "-Onone";
			};
			name = Debug;
		};
		81A0D0332C877BE100749635 /* Release */ = {
			isa = XCBuildConfiguration;
			buildSettings = {
				ALWAYS_SEARCH_USER_PATHS = NO;
				ASSETCATALOG_COMPILER_GENERATE_SWIFT_ASSET_SYMBOL_EXTENSIONS = YES;
				CLANG_ANALYZER_NONNULL = YES;
				CLANG_ANALYZER_NUMBER_OBJECT_CONVERSION = YES_AGGRESSIVE;
				CLANG_CXX_LANGUAGE_STANDARD = "gnu++20";
				CLANG_ENABLE_MODULES = YES;
				CLANG_ENABLE_OBJC_ARC = YES;
				CLANG_ENABLE_OBJC_WEAK = YES;
				CLANG_WARN_BLOCK_CAPTURE_AUTORELEASING = YES;
				CLANG_WARN_BOOL_CONVERSION = YES;
				CLANG_WARN_COMMA = YES;
				CLANG_WARN_CONSTANT_CONVERSION = YES;
				CLANG_WARN_DEPRECATED_OBJC_IMPLEMENTATIONS = YES;
				CLANG_WARN_DIRECT_OBJC_ISA_USAGE = YES_ERROR;
				CLANG_WARN_DOCUMENTATION_COMMENTS = YES;
				CLANG_WARN_EMPTY_BODY = YES;
				CLANG_WARN_ENUM_CONVERSION = YES;
				CLANG_WARN_INFINITE_RECURSION = YES;
				CLANG_WARN_INT_CONVERSION = YES;
				CLANG_WARN_NON_LITERAL_NULL_CONVERSION = YES;
				CLANG_WARN_OBJC_IMPLICIT_RETAIN_SELF = YES;
				CLANG_WARN_OBJC_LITERAL_CONVERSION = YES;
				CLANG_WARN_OBJC_ROOT_CLASS = YES_ERROR;
				CLANG_WARN_QUOTED_INCLUDE_IN_FRAMEWORK_HEADER = YES;
				CLANG_WARN_RANGE_LOOP_ANALYSIS = YES;
				CLANG_WARN_STRICT_PROTOTYPES = YES;
				CLANG_WARN_SUSPICIOUS_MOVE = YES;
				CLANG_WARN_UNGUARDED_AVAILABILITY = YES_AGGRESSIVE;
				CLANG_WARN_UNREACHABLE_CODE = YES;
				CLANG_WARN__DUPLICATE_METHOD_MATCH = YES;
				COPY_PHASE_STRIP = NO;
				DEBUG_INFORMATION_FORMAT = "dwarf-with-dsym";
				ENABLE_NS_ASSERTIONS = NO;
				ENABLE_STRICT_OBJC_MSGSEND = YES;
				ENABLE_USER_SCRIPT_SANDBOXING = YES;
				GCC_C_LANGUAGE_STANDARD = gnu17;
				GCC_NO_COMMON_BLOCKS = YES;
				GCC_WARN_64_TO_32_BIT_CONVERSION = YES;
				GCC_WARN_ABOUT_RETURN_TYPE = YES_ERROR;
				GCC_WARN_UNDECLARED_SELECTOR = YES;
				GCC_WARN_UNINITIALIZED_AUTOS = YES_AGGRESSIVE;
				GCC_WARN_UNUSED_FUNCTION = YES;
				GCC_WARN_UNUSED_VARIABLE = YES;
				IPHONEOS_DEPLOYMENT_TARGET = 17.5;
				LOCALIZATION_PREFERS_STRING_CATALOGS = YES;
				MTL_ENABLE_DEBUG_INFO = NO;
				MTL_FAST_MATH = YES;
				SDKROOT = iphoneos;
				SWIFT_COMPILATION_MODE = wholemodule;
				VALIDATE_PRODUCT = YES;
			};
			name = Release;
		};
		81A0D0352C877BE100749635 /* Debug */ = {
			isa = XCBuildConfiguration;
			buildSettings = {
				ASSETCATALOG_COMPILER_APPICON_NAME = AppIcon;
				ASSETCATALOG_COMPILER_GLOBAL_ACCENT_COLOR_NAME = AccentColor;
				CODE_SIGN_STYLE = Automatic;
				CURRENT_PROJECT_VERSION = 1;
				DEVELOPMENT_TEAM = GNBZP8PU72;
				GENERATE_INFOPLIST_FILE = YES;
				INFOPLIST_FILE = JsonPlaceholderAPI/Info.plist;
				INFOPLIST_KEY_UIApplicationSupportsIndirectInputEvents = YES;
				INFOPLIST_KEY_UILaunchStoryboardName = LaunchScreen;
				INFOPLIST_KEY_UIMainStoryboardFile = "";
				INFOPLIST_KEY_UISupportedInterfaceOrientations_iPad = "UIInterfaceOrientationPortrait UIInterfaceOrientationPortraitUpsideDown UIInterfaceOrientationLandscapeLeft UIInterfaceOrientationLandscapeRight";
				INFOPLIST_KEY_UISupportedInterfaceOrientations_iPhone = "UIInterfaceOrientationPortrait UIInterfaceOrientationLandscapeLeft UIInterfaceOrientationLandscapeRight";
				LD_RUNPATH_SEARCH_PATHS = (
					"$(inherited)",
					"@executable_path/Frameworks",
				);
				MARKETING_VERSION = 1.0;
				PRODUCT_BUNDLE_IDENTIFIER = com.dmrts.JsonPlaceholderAPI;
				PRODUCT_NAME = "$(TARGET_NAME)";
				SWIFT_EMIT_LOC_STRINGS = YES;
				SWIFT_VERSION = 5.0;
				TARGETED_DEVICE_FAMILY = "1,2";
			};
			name = Debug;
		};
		81A0D0362C877BE100749635 /* Release */ = {
			isa = XCBuildConfiguration;
			buildSettings = {
				ASSETCATALOG_COMPILER_APPICON_NAME = AppIcon;
				ASSETCATALOG_COMPILER_GLOBAL_ACCENT_COLOR_NAME = AccentColor;
				CODE_SIGN_STYLE = Automatic;
				CURRENT_PROJECT_VERSION = 1;
				DEVELOPMENT_TEAM = GNBZP8PU72;
				GENERATE_INFOPLIST_FILE = YES;
				INFOPLIST_FILE = JsonPlaceholderAPI/Info.plist;
				INFOPLIST_KEY_UIApplicationSupportsIndirectInputEvents = YES;
				INFOPLIST_KEY_UILaunchStoryboardName = LaunchScreen;
				INFOPLIST_KEY_UIMainStoryboardFile = "";
				INFOPLIST_KEY_UISupportedInterfaceOrientations_iPad = "UIInterfaceOrientationPortrait UIInterfaceOrientationPortraitUpsideDown UIInterfaceOrientationLandscapeLeft UIInterfaceOrientationLandscapeRight";
				INFOPLIST_KEY_UISupportedInterfaceOrientations_iPhone = "UIInterfaceOrientationPortrait UIInterfaceOrientationLandscapeLeft UIInterfaceOrientationLandscapeRight";
				LD_RUNPATH_SEARCH_PATHS = (
					"$(inherited)",
					"@executable_path/Frameworks",
				);
				MARKETING_VERSION = 1.0;
				PRODUCT_BUNDLE_IDENTIFIER = com.dmrts.JsonPlaceholderAPI;
				PRODUCT_NAME = "$(TARGET_NAME)";
				SWIFT_EMIT_LOC_STRINGS = YES;
				SWIFT_VERSION = 5.0;
				TARGETED_DEVICE_FAMILY = "1,2";
			};
			name = Release;
		};
/* End XCBuildConfiguration section */

/* Begin XCConfigurationList section */
		81A0D01B2C877BDF00749635 /* Build configuration list for PBXProject "JsonPlaceholderAPI" */ = {
			isa = XCConfigurationList;
			buildConfigurations = (
				81A0D0322C877BE100749635 /* Debug */,
				81A0D0332C877BE100749635 /* Release */,
			);
			defaultConfigurationIsVisible = 0;
			defaultConfigurationName = Release;
		};
		81A0D0342C877BE100749635 /* Build configuration list for PBXNativeTarget "JsonPlaceholderAPI" */ = {
			isa = XCConfigurationList;
			buildConfigurations = (
				81A0D0352C877BE100749635 /* Debug */,
				81A0D0362C877BE100749635 /* Release */,
			);
			defaultConfigurationIsVisible = 0;
			defaultConfigurationName = Release;
		};
/* End XCConfigurationList section */
	};
	rootObject = 81A0D0182C877BDF00749635 /* Project object */;
}
